
Microsoft Visual Studio Solution File, Format Version 12.00
# Visual Studio Version 17
VisualStudioVersion = 17.7.34221.43
MinimumVisualStudioVersion = 10.0.40219.1
Project("{FAE04EC0-301F-11D3-BF4B-00C04F79EFBC}") = "NoteTakingApp", "NoteTakingApp\NoteTakingApp.csproj", "{ECE0444B-11EB-42D9-AB54-E13BF76159C6}"
EndProject
Global
	GlobalSection(SolutionConfigurationPlatforms) = preSolution
		Debug|Any CPU = Debug|Any CPU
		Release|Any CPU = Release|Any CPU
	EndGlobalSection
	GlobalSection(ProjectConfigurationPlatforms) = postSolution
		{ECE0444B-11EB-42D9-AB54-E13BF76159C6}.Debug|Any CPU.ActiveCfg = Debug|Any CPU
		{ECE0444B-11EB-42D9-AB54-E13BF76159C6}.Debug|Any CPU.Build.0 = Debug|Any CPU
		{ECE0444B-11EB-42D9-AB54-E13BF76159C6}.Release|Any CPU.ActiveCfg = Release|Any CPU
		{ECE0444B-11EB-42D9-AB54-E13BF76159C6}.Release|Any CPU.Build.0 = Release|Any CPU
	EndGlobalSection
	GlobalSection(SolutionProperties) = preSolution
		HideSolutionNode = FALSE
	EndGlobalSection
	GlobalSection(ExtensibilityGlobals) = postSolution
		SolutionGuid = {8B63B109-5835-4E7E-867E-8694FB08C18D}
	EndGlobalSection
EndGlobal
